// !$*UTF8*$!
{
	archiveVersion = 1;
	classes = {
	};
	objectVersion = 56;
	objects = {

/* Begin PBXBuildFile section */
		D06B243E2B2807BD0022A433 /* ContentView.swift in Sources */ = {isa = PBXBuildFile; fileRef = D06B243D2B2807BD0022A433 /* ContentView.swift */; };
		D06B24402B2807BE0022A433 /* Assets.xcassets in Resources */ = {isa = PBXBuildFile; fileRef = D06B243F2B2807BE0022A433 /* Assets.xcassets */; };
		D06B24432B2807BE0022A433 /* Preview Assets.xcassets in Resources */ = {isa = PBXBuildFile; fileRef = D06B24422B2807BE0022A433 /* Preview Assets.xcassets */; };
		D06B244D2B2807BE0022A433 /* XWTimeTests.swift in Sources */ = {isa = PBXBuildFile; fileRef = D06B244C2B2807BE0022A433 /* XWTimeTests.swift */; };
		D06B24572B2807BE0022A433 /* XWTimeUITests.swift in Sources */ = {isa = PBXBuildFile; fileRef = D06B24562B2807BE0022A433 /* XWTimeUITests.swift */; };
		D06B24592B2807BE0022A433 /* XWTimeUITestsLaunchTests.swift in Sources */ = {isa = PBXBuildFile; fileRef = D06B24582B2807BE0022A433 /* XWTimeUITestsLaunchTests.swift */; };
		D06B24662B28284F0022A433 /* XBot.swift in Sources */ = {isa = PBXBuildFile; fileRef = D06B24652B28284F0022A433 /* XBot.swift */; };
		D08BAEBD2B29A6D600FE4AEB /* XWTimeApp.swift in Sources */ = {isa = PBXBuildFile; fileRef = D08BAEBC2B29A6D600FE4AEB /* XWTimeApp.swift */; };
		D0BDEF902B2831E700AB9DE4 /* OAuthSwift in Frameworks */ = {isa = PBXBuildFile; productRef = D0BDEF8F2B2831E700AB9DE4 /* OAuthSwift */; };
/* End PBXBuildFile section */

/* Begin PBXContainerItemProxy section */
		D06B24492B2807BE0022A433 /* PBXContainerItemProxy */ = {
			isa = PBXContainerItemProxy;
			containerPortal = D06B24302B2807BD0022A433 /* Project object */;
			proxyType = 1;
			remoteGlobalIDString = D06B24372B2807BD0022A433;
			remoteInfo = XWTime;
		};
		D06B24532B2807BE0022A433 /* PBXContainerItemProxy */ = {
			isa = PBXContainerItemProxy;
			containerPortal = D06B24302B2807BD0022A433 /* Project object */;
			proxyType = 1;
			remoteGlobalIDString = D06B24372B2807BD0022A433;
			remoteInfo = XWTime;
		};
/* End PBXContainerItemProxy section */

/* Begin PBXFileReference section */
		D06B24382B2807BD0022A433 /* XWTime.app */ = {isa = PBXFileReference; explicitFileType = wrapper.application; includeInIndex = 0; path = XWTime.app; sourceTree = BUILT_PRODUCTS_DIR; };
		D06B243D2B2807BD0022A433 /* ContentView.swift */ = {isa = PBXFileReference; lastKnownFileType = sourcecode.swift; path = ContentView.swift; sourceTree = "<group>"; };
		D06B243F2B2807BE0022A433 /* Assets.xcassets */ = {isa = PBXFileReference; lastKnownFileType = folder.assetcatalog; path = Assets.xcassets; sourceTree = "<group>"; };
		D06B24422B2807BE0022A433 /* Preview Assets.xcassets */ = {isa = PBXFileReference; lastKnownFileType = folder.assetcatalog; path = "Preview Assets.xcassets"; sourceTree = "<group>"; };
		D06B24482B2807BE0022A433 /* XWTimeTests.xctest */ = {isa = PBXFileReference; explicitFileType = wrapper.cfbundle; includeInIndex = 0; path = XWTimeTests.xctest; sourceTree = BUILT_PRODUCTS_DIR; };
		D06B244C2B2807BE0022A433 /* XWTimeTests.swift */ = {isa = PBXFileReference; lastKnownFileType = sourcecode.swift; path = XWTimeTests.swift; sourceTree = "<group>"; };
		D06B24522B2807BE0022A433 /* XWTimeUITests.xctest */ = {isa = PBXFileReference; explicitFileType = wrapper.cfbundle; includeInIndex = 0; path = XWTimeUITests.xctest; sourceTree = BUILT_PRODUCTS_DIR; };
		D06B24562B2807BE0022A433 /* XWTimeUITests.swift */ = {isa = PBXFileReference; lastKnownFileType = sourcecode.swift; path = XWTimeUITests.swift; sourceTree = "<group>"; };
		D06B24582B2807BE0022A433 /* XWTimeUITestsLaunchTests.swift */ = {isa = PBXFileReference; lastKnownFileType = sourcecode.swift; path = XWTimeUITestsLaunchTests.swift; sourceTree = "<group>"; };
		D06B24652B28284F0022A433 /* XBot.swift */ = {isa = PBXFileReference; lastKnownFileType = sourcecode.swift; path = XBot.swift; sourceTree = "<group>"; };
		D08BAEBC2B29A6D600FE4AEB /* XWTimeApp.swift */ = {isa = PBXFileReference; fileEncoding = 4; lastKnownFileType = sourcecode.swift; name = XWTimeApp.swift; path = ../../../.Trash/XWTimeApp.swift; sourceTree = "<group>"; };
/* End PBXFileReference section */

/* Begin PBXFrameworksBuildPhase section */
		D06B24352B2807BD0022A433 /* Frameworks */ = {
			isa = PBXFrameworksBuildPhase;
			buildActionMask = 2147483647;
			files = (
				D0BDEF902B2831E700AB9DE4 /* OAuthSwift in Frameworks */,
			);
			runOnlyForDeploymentPostprocessing = 0;
		};
		D06B24452B2807BE0022A433 /* Frameworks */ = {
			isa = PBXFrameworksBuildPhase;
			buildActionMask = 2147483647;
			files = (
			);
			runOnlyForDeploymentPostprocessing = 0;
		};
		D06B244F2B2807BE0022A433 /* Frameworks */ = {
			isa = PBXFrameworksBuildPhase;
			buildActionMask = 2147483647;
			files = (
			);
			runOnlyForDeploymentPostprocessing = 0;
		};
/* End PBXFrameworksBuildPhase section */

/* Begin PBXGroup section */
		D06B242F2B2807BD0022A433 = {
			isa = PBXGroup;
			children = (
				D06B243A2B2807BD0022A433 /* XWTime */,
				D06B244B2B2807BE0022A433 /* XWTimeTests */,
				D06B24552B2807BE0022A433 /* XWTimeUITests */,
				D06B24392B2807BD0022A433 /* Products */,
			);
			sourceTree = "<group>";
		};
		D06B24392B2807BD0022A433 /* Products */ = {
			isa = PBXGroup;
			children = (
				D06B24382B2807BD0022A433 /* XWTime.app */,
				D06B24482B2807BE0022A433 /* XWTimeTests.xctest */,
				D06B24522B2807BE0022A433 /* XWTimeUITests.xctest */,
			);
			name = Products;
			sourceTree = "<group>";
		};
		D06B243A2B2807BD0022A433 /* XWTime */ = {
			isa = PBXGroup;
			children = (
				D08BAEBC2B29A6D600FE4AEB /* XWTimeApp.swift */,
				D06B24652B28284F0022A433 /* XBot.swift */,
				D06B243D2B2807BD0022A433 /* ContentView.swift */,
				D06B243F2B2807BE0022A433 /* Assets.xcassets */,
				D06B24412B2807BE0022A433 /* Preview Content */,
			);
			path = XWTime;
			sourceTree = "<group>";
		};
		D06B24412B2807BE0022A433 /* Preview Content */ = {
			isa = PBXGroup;
			children = (
				D06B24422B2807BE0022A433 /* Preview Assets.xcassets */,
			);
			path = "Preview Content";
			sourceTree = "<group>";
		};
		D06B244B2B2807BE0022A433 /* XWTimeTests */ = {
			isa = PBXGroup;
			children = (
				D06B244C2B2807BE0022A433 /* XWTimeTests.swift */,
			);
			path = XWTimeTests;
			sourceTree = "<group>";
		};
		D06B24552B2807BE0022A433 /* XWTimeUITests */ = {
			isa = PBXGroup;
			children = (
				D06B24562B2807BE0022A433 /* XWTimeUITests.swift */,
				D06B24582B2807BE0022A433 /* XWTimeUITestsLaunchTests.swift */,
			);
			path = XWTimeUITests;
			sourceTree = "<group>";
		};
/* End PBXGroup section */

/* Begin PBXNativeTarget section */
		D06B24372B2807BD0022A433 /* XWTime */ = {
			isa = PBXNativeTarget;
			buildConfigurationList = D06B245C2B2807BE0022A433 /* Build configuration list for PBXNativeTarget "XWTime" */;
			buildPhases = (
				D06B24342B2807BD0022A433 /* Sources */,
				D06B24352B2807BD0022A433 /* Frameworks */,
				D06B24362B2807BD0022A433 /* Resources */,
			);
			buildRules = (
			);
			dependencies = (
			);
			name = XWTime;
			packageProductDependencies = (
				D0BDEF8F2B2831E700AB9DE4 /* OAuthSwift */,
			);
			productName = XWTime;
			productReference = D06B24382B2807BD0022A433 /* XWTime.app */;
			productType = "com.apple.product-type.application";
		};
		D06B24472B2807BE0022A433 /* XWTimeTests */ = {
			isa = PBXNativeTarget;
			buildConfigurationList = D06B245F2B2807BE0022A433 /* Build configuration list for PBXNativeTarget "XWTimeTests" */;
			buildPhases = (
				D06B24442B2807BE0022A433 /* Sources */,
				D06B24452B2807BE0022A433 /* Frameworks */,
				D06B24462B2807BE0022A433 /* Resources */,
			);
			buildRules = (
			);
			dependencies = (
				D06B244A2B2807BE0022A433 /* PBXTargetDependency */,
			);
			name = XWTimeTests;
			productName = XWTimeTests;
			productReference = D06B24482B2807BE0022A433 /* XWTimeTests.xctest */;
			productType = "com.apple.product-type.bundle.unit-test";
		};
		D06B24512B2807BE0022A433 /* XWTimeUITests */ = {
			isa = PBXNativeTarget;
			buildConfigurationList = D06B24622B2807BE0022A433 /* Build configuration list for PBXNativeTarget "XWTimeUITests" */;
			buildPhases = (
				D06B244E2B2807BE0022A433 /* Sources */,
				D06B244F2B2807BE0022A433 /* Frameworks */,
				D06B24502B2807BE0022A433 /* Resources */,
			);
			buildRules = (
			);
			dependencies = (
				D06B24542B2807BE0022A433 /* PBXTargetDependency */,
			);
			name = XWTimeUITests;
			productName = XWTimeUITests;
			productReference = D06B24522B2807BE0022A433 /* XWTimeUITests.xctest */;
			productType = "com.apple.product-type.bundle.ui-testing";
		};
/* End PBXNativeTarget section */

/* Begin PBXProject section */
		D06B24302B2807BD0022A433 /* Project object */ = {
			isa = PBXProject;
			attributes = {
				BuildIndependentTargetsInParallel = 1;
				LastSwiftUpdateCheck = 1500;
				LastUpgradeCheck = 1500;
				TargetAttributes = {
					D06B24372B2807BD0022A433 = {
						CreatedOnToolsVersion = 15.0.1;
					};
					D06B24472B2807BE0022A433 = {
						CreatedOnToolsVersion = 15.0.1;
						TestTargetID = D06B24372B2807BD0022A433;
					};
					D06B24512B2807BE0022A433 = {
						CreatedOnToolsVersion = 15.0.1;
						TestTargetID = D06B24372B2807BD0022A433;
					};
				};
			};
			buildConfigurationList = D06B24332B2807BD0022A433 /* Build configuration list for PBXProject "XWTime" */;
			compatibilityVersion = "Xcode 14.0";
			developmentRegion = en;
			hasScannedForEncodings = 0;
			knownRegions = (
				en,
				Base,
			);
			mainGroup = D06B242F2B2807BD0022A433;
			packageReferences = (
				D0BDEF8E2B2831E700AB9DE4 /* XCRemoteSwiftPackageReference "OAuthSwift" */,
			);
			productRefGroup = D06B24392B2807BD0022A433 /* Products */;
			projectDirPath = "";
			projectRoot = "";
			targets = (
				D06B24372B2807BD0022A433 /* XWTime */,
				D06B24472B2807BE0022A433 /* XWTimeTests */,
				D06B24512B2807BE0022A433 /* XWTimeUITests */,
			);
		};
/* End PBXProject section */

/* Begin PBXResourcesBuildPhase section */
		D06B24362B2807BD0022A433 /* Resources */ = {
			isa = PBXResourcesBuildPhase;
			buildActionMask = 2147483647;
			files = (
				D06B24432B2807BE0022A433 /* Preview Assets.xcassets in Resources */,
				D06B24402B2807BE0022A433 /* Assets.xcassets in Resources */,
			);
			runOnlyForDeploymentPostprocessing = 0;
		};
		D06B24462B2807BE0022A433 /* Resources */ = {
			isa = PBXResourcesBuildPhase;
			buildActionMask = 2147483647;
			files = (
			);
			runOnlyForDeploymentPostprocessing = 0;
		};
		D06B24502B2807BE0022A433 /* Resources */ = {
			isa = PBXResourcesBuildPhase;
			buildActionMask = 2147483647;
			files = (
			);
			runOnlyForDeploymentPostprocessing = 0;
		};
/* End PBXResourcesBuildPhase section */

/* Begin PBXSourcesBuildPhase section */
		D06B24342B2807BD0022A433 /* Sources */ = {
			isa = PBXSourcesBuildPhase;
			buildActionMask = 2147483647;
			files = (
				D08BAEBD2B29A6D600FE4AEB /* XWTimeApp.swift in Sources */,
				D06B24662B28284F0022A433 /* XBot.swift in Sources */,
				D06B243E2B2807BD0022A433 /* ContentView.swift in Sources */,
			);
			runOnlyForDeploymentPostprocessing = 0;
		};
		D06B24442B2807BE0022A433 /* Sources */ = {
			isa = PBXSourcesBuildPhase;
			buildActionMask = 2147483647;
			files = (
				D06B244D2B2807BE0022A433 /* XWTimeTests.swift in Sources */,
			);
			runOnlyForDeploymentPostprocessing = 0;
		};
		D06B244E2B2807BE0022A433 /* Sources */ = {
			isa = PBXSourcesBuildPhase;
			buildActionMask = 2147483647;
			files = (
				D06B24592B2807BE0022A433 /* XWTimeUITestsLaunchTests.swift in Sources */,
				D06B24572B2807BE0022A433 /* XWTimeUITests.swift in Sources */,
			);
			runOnlyForDeploymentPostprocessing = 0;
		};
/* End PBXSourcesBuildPhase section */

/* Begin PBXTargetDependency section */
		D06B244A2B2807BE0022A433 /* PBXTargetDependency */ = {
			isa = PBXTargetDependency;
			target = D06B24372B2807BD0022A433 /* XWTime */;
			targetProxy = D06B24492B2807BE0022A433 /* PBXContainerItemProxy */;
		};
		D06B24542B2807BE0022A433 /* PBXTargetDependency */ = {
			isa = PBXTargetDependency;
			target = D06B24372B2807BD0022A433 /* XWTime */;
			targetProxy = D06B24532B2807BE0022A433 /* PBXContainerItemProxy */;
		};
/* End PBXTargetDependency section */

/* Begin XCBuildConfiguration section */
		D06B245A2B2807BE0022A433 /* Debug */ = {
			isa = XCBuildConfiguration;
			buildSettings = {
				ALWAYS_SEARCH_USER_PATHS = NO;
				ASSETCATALOG_COMPILER_GENERATE_SWIFT_ASSET_SYMBOL_EXTENSIONS = YES;
				CLANG_ANALYZER_NONNULL = YES;
				CLANG_ANALYZER_NUMBER_OBJECT_CONVERSION = YES_AGGRESSIVE;
				CLANG_CXX_LANGUAGE_STANDARD = "gnu++20";
				CLANG_ENABLE_MODULES = YES;
				CLANG_ENABLE_OBJC_ARC = YES;
				CLANG_ENABLE_OBJC_WEAK = YES;
				CLANG_WARN_BLOCK_CAPTURE_AUTORELEASING = YES;
				CLANG_WARN_BOOL_CONVERSION = YES;
				CLANG_WARN_COMMA = YES;
				CLANG_WARN_CONSTANT_CONVERSION = YES;
				CLANG_WARN_DEPRECATED_OBJC_IMPLEMENTATIONS = YES;
				CLANG_WARN_DIRECT_OBJC_ISA_USAGE = YES_ERROR;
				CLANG_WARN_DOCUMENTATION_COMMENTS = YES;
				CLANG_WARN_EMPTY_BODY = YES;
				CLANG_WARN_ENUM_CONVERSION = YES;
				CLANG_WARN_INFINITE_RECURSION = YES;
				CLANG_WARN_INT_CONVERSION = YES;
				CLANG_WARN_NON_LITERAL_NULL_CONVERSION = YES;
				CLANG_WARN_OBJC_IMPLICIT_RETAIN_SELF = YES;
				CLANG_WARN_OBJC_LITERAL_CONVERSION = YES;
				CLANG_WARN_OBJC_ROOT_CLASS = YES_ERROR;
				CLANG_WARN_QUOTED_INCLUDE_IN_FRAMEWORK_HEADER = YES;
				CLANG_WARN_RANGE_LOOP_ANALYSIS = YES;
				CLANG_WARN_STRICT_PROTOTYPES = YES;
				CLANG_WARN_SUSPICIOUS_MOVE = YES;
				CLANG_WARN_UNGUARDED_AVAILABILITY = YES_AGGRESSIVE;
				CLANG_WARN_UNREACHABLE_CODE = YES;
				CLANG_WARN__DUPLICATE_METHOD_MATCH = YES;
				COPY_PHASE_STRIP = NO;
				DEBUG_INFORMATION_FORMAT = dwarf;
				ENABLE_STRICT_OBJC_MSGSEND = YES;
				ENABLE_TESTABILITY = YES;
				ENABLE_USER_SCRIPT_SANDBOXING = YES;
				GCC_C_LANGUAGE_STANDARD = gnu17;
				GCC_DYNAMIC_NO_PIC = NO;
				GCC_NO_COMMON_BLOCKS = YES;
				GCC_OPTIMIZATION_LEVEL = 0;
				GCC_PREPROCESSOR_DEFINITIONS = (
					"DEBUG=1",
					"$(inherited)",
				);
				GCC_WARN_64_TO_32_BIT_CONVERSION = YES;
				GCC_WARN_ABOUT_RETURN_TYPE = YES_ERROR;
				GCC_WARN_UNDECLARED_SELECTOR = YES;
				GCC_WARN_UNINITIALIZED_AUTOS = YES_AGGRESSIVE;
				GCC_WARN_UNUSED_FUNCTION = YES;
				GCC_WARN_UNUSED_VARIABLE = YES;
				IPHONEOS_DEPLOYMENT_TARGET = 17.0;
				LOCALIZATION_PREFERS_STRING_CATALOGS = YES;
				MTL_ENABLE_DEBUG_INFO = INCLUDE_SOURCE;
				MTL_FAST_MATH = YES;
				ONLY_ACTIVE_ARCH = YES;
				SDKROOT = iphoneos;
				SWIFT_ACTIVE_COMPILATION_CONDITIONS = "DEBUG $(inherited)";
				SWIFT_OPTIMIZATION_LEVEL = "-Onone";
			};
			name = Debug;
		};
		D06B245B2B2807BE0022A433 /* Release */ = {
			isa = XCBuildConfiguration;
			buildSettings = {
				ALWAYS_SEARCH_USER_PATHS = NO;
				ASSETCATALOG_COMPILER_GENERATE_SWIFT_ASSET_SYMBOL_EXTENSIONS = YES;
				CLANG_ANALYZER_NONNULL = YES;
				CLANG_ANALYZER_NUMBER_OBJECT_CONVERSION = YES_AGGRESSIVE;
				CLANG_CXX_LANGUAGE_STANDARD = "gnu++20";
				CLANG_ENABLE_MODULES = YES;
				CLANG_ENABLE_OBJC_ARC = YES;
				CLANG_ENABLE_OBJC_WEAK = YES;
				CLANG_WARN_BLOCK_CAPTURE_AUTORELEASING = YES;
				CLANG_WARN_BOOL_CONVERSION = YES;
				CLANG_WARN_COMMA = YES;
				CLANG_WARN_CONSTANT_CONVERSION = YES;
				CLANG_WARN_DEPRECATED_OBJC_IMPLEMENTATIONS = YES;
				CLANG_WARN_DIRECT_OBJC_ISA_USAGE = YES_ERROR;
				CLANG_WARN_DOCUMENTATION_COMMENTS = YES;
				CLANG_WARN_EMPTY_BODY = YES;
				CLANG_WARN_ENUM_CONVERSION = YES;
				CLANG_WARN_INFINITE_RECURSION = YES;
				CLANG_WARN_INT_CONVERSION = YES;
				CLANG_WARN_NON_LITERAL_NULL_CONVERSION = YES;
				CLANG_WARN_OBJC_IMPLICIT_RETAIN_SELF = YES;
				CLANG_WARN_OBJC_LITERAL_CONVERSION = YES;
				CLANG_WARN_OBJC_ROOT_CLASS = YES_ERROR;
				CLANG_WARN_QUOTED_INCLUDE_IN_FRAMEWORK_HEADER = YES;
				CLANG_WARN_RANGE_LOOP_ANALYSIS = YES;
				CLANG_WARN_STRICT_PROTOTYPES = YES;
				CLANG_WARN_SUSPICIOUS_MOVE = YES;
				CLANG_WARN_UNGUARDED_AVAILABILITY = YES_AGGRESSIVE;
				CLANG_WARN_UNREACHABLE_CODE = YES;
				CLANG_WARN__DUPLICATE_METHOD_MATCH = YES;
				COPY_PHASE_STRIP = NO;
				DEBUG_INFORMATION_FORMAT = "dwarf-with-dsym";
				ENABLE_NS_ASSERTIONS = NO;
				ENABLE_STRICT_OBJC_MSGSEND = YES;
				ENABLE_USER_SCRIPT_SANDBOXING = YES;
				GCC_C_LANGUAGE_STANDARD = gnu17;
				GCC_NO_COMMON_BLOCKS = YES;
				GCC_WARN_64_TO_32_BIT_CONVERSION = YES;
				GCC_WARN_ABOUT_RETURN_TYPE = YES_ERROR;
				GCC_WARN_UNDECLARED_SELECTOR = YES;
				GCC_WARN_UNINITIALIZED_AUTOS = YES_AGGRESSIVE;
				GCC_WARN_UNUSED_FUNCTION = YES;
				GCC_WARN_UNUSED_VARIABLE = YES;
				IPHONEOS_DEPLOYMENT_TARGET = 17.0;
				LOCALIZATION_PREFERS_STRING_CATALOGS = YES;
				MTL_ENABLE_DEBUG_INFO = NO;
				MTL_FAST_MATH = YES;
				SDKROOT = iphoneos;
				SWIFT_COMPILATION_MODE = wholemodule;
				VALIDATE_PRODUCT = YES;
			};
			name = Release;
		};
		D06B245D2B2807BE0022A433 /* Debug */ = {
			isa = XCBuildConfiguration;
			buildSettings = {
				ASSETCATALOG_COMPILER_APPICON_NAME = AppIcon;
				ASSETCATALOG_COMPILER_GLOBAL_ACCENT_COLOR_NAME = AccentColor;
				CODE_SIGN_STYLE = Automatic;
				CURRENT_PROJECT_VERSION = 1;
				DEVELOPMENT_ASSET_PATHS = "\"XWTime/Preview Content\"";
				DEVELOPMENT_TEAM = 6J32Z6RV2Z;
				ENABLE_PREVIEWS = YES;
				GENERATE_INFOPLIST_FILE = YES;
				INFOPLIST_KEY_UIApplicationSceneManifest_Generation = YES;
				INFOPLIST_KEY_UIApplicationSupportsIndirectInputEvents = YES;
				INFOPLIST_KEY_UILaunchScreen_Generation = YES;
				INFOPLIST_KEY_UISupportedInterfaceOrientations_iPad = "UIInterfaceOrientationPortrait UIInterfaceOrientationPortraitUpsideDown UIInterfaceOrientationLandscapeLeft UIInterfaceOrientationLandscapeRight";
				INFOPLIST_KEY_UISupportedInterfaceOrientations_iPhone = "UIInterfaceOrientationPortrait UIInterfaceOrientationLandscapeLeft UIInterfaceOrientationLandscapeRight";
				LD_RUNPATH_SEARCH_PATHS = (
					"$(inherited)",
					"@executable_path/Frameworks",
				);
				MARKETING_VERSION = 1.0;
				PRODUCT_BUNDLE_IDENTIFIER = brealinhub.XWTime;
				PRODUCT_NAME = "$(TARGET_NAME)";
				SWIFT_EMIT_LOC_STRINGS = YES;
				SWIFT_VERSION = 5.0;
				TARGETED_DEVICE_FAMILY = "1,2";
			};
			name = Debug;
		};
		D06B245E2B2807BE0022A433 /* Release */ = {
			isa = XCBuildConfiguration;
			buildSettings = {
				ASSETCATALOG_COMPILER_APPICON_NAME = AppIcon;
				ASSETCATALOG_COMPILER_GLOBAL_ACCENT_COLOR_NAME = AccentColor;
				CODE_SIGN_STYLE = Automatic;
				CURRENT_PROJECT_VERSION = 1;
				DEVELOPMENT_ASSET_PATHS = "\"XWTime/Preview Content\"";
				DEVELOPMENT_TEAM = 6J32Z6RV2Z;
				ENABLE_PREVIEWS = YES;
				GENERATE_INFOPLIST_FILE = YES;
				INFOPLIST_KEY_UIApplicationSceneManifest_Generation = YES;
				INFOPLIST_KEY_UIApplicationSupportsIndirectInputEvents = YES;
				INFOPLIST_KEY_UILaunchScreen_Generation = YES;
				INFOPLIST_KEY_UISupportedInterfaceOrientations_iPad = "UIInterfaceOrientationPortrait UIInterfaceOrientationPortraitUpsideDown UIInterfaceOrientationLandscapeLeft UIInterfaceOrientationLandscapeRight";
				INFOPLIST_KEY_UISupportedInterfaceOrientations_iPhone = "UIInterfaceOrientationPortrait UIInterfaceOrientationLandscapeLeft UIInterfaceOrientationLandscapeRight";
				LD_RUNPATH_SEARCH_PATHS = (
					"$(inherited)",
					"@executable_path/Frameworks",
				);
				MARKETING_VERSION = 1.0;
				PRODUCT_BUNDLE_IDENTIFIER = brealinhub.XWTime;
				PRODUCT_NAME = "$(TARGET_NAME)";
				SWIFT_EMIT_LOC_STRINGS = YES;
				SWIFT_VERSION = 5.0;
				TARGETED_DEVICE_FAMILY = "1,2";
			};
			name = Release;
		};
		D06B24602B2807BE0022A433 /* Debug */ = {
			isa = XCBuildConfiguration;
			buildSettings = {
				ALWAYS_EMBED_SWIFT_STANDARD_LIBRARIES = YES;
				BUNDLE_LOADER = "$(TEST_HOST)";
				CODE_SIGN_STYLE = Automatic;
				CURRENT_PROJECT_VERSION = 1;
				GENERATE_INFOPLIST_FILE = YES;
				IPHONEOS_DEPLOYMENT_TARGET = 17.0;
				MARKETING_VERSION = 1.0;
				PRODUCT_BUNDLE_IDENTIFIER = brealinhub.XWTimeTests;
				PRODUCT_NAME = "$(TARGET_NAME)";
				SWIFT_EMIT_LOC_STRINGS = NO;
				SWIFT_VERSION = 5.0;
				TARGETED_DEVICE_FAMILY = "1,2";
				TEST_HOST = "$(BUILT_PRODUCTS_DIR)/XWTime.app/$(BUNDLE_EXECUTABLE_FOLDER_PATH)/XWTime";
			};
			name = Debug;
		};
		D06B24612B2807BE0022A433 /* Release */ = {
			isa = XCBuildConfiguration;
			buildSettings = {
				ALWAYS_EMBED_SWIFT_STANDARD_LIBRARIES = YES;
				BUNDLE_LOADER = "$(TEST_HOST)";
				CODE_SIGN_STYLE = Automatic;
				CURRENT_PROJECT_VERSION = 1;
				GENERATE_INFOPLIST_FILE = YES;
				IPHONEOS_DEPLOYMENT_TARGET = 17.0;
				MARKETING_VERSION = 1.0;
				PRODUCT_BUNDLE_IDENTIFIER = brealinhub.XWTimeTests;
				PRODUCT_NAME = "$(TARGET_NAME)";
				SWIFT_EMIT_LOC_STRINGS = NO;
				SWIFT_VERSION = 5.0;
				TARGETED_DEVICE_FAMILY = "1,2";
				TEST_HOST = "$(BUILT_PRODUCTS_DIR)/XWTime.app/$(BUNDLE_EXECUTABLE_FOLDER_PATH)/XWTime";
			};
			name = Release;
		};
		D06B24632B2807BE0022A433 /* Debug */ = {
			isa = XCBuildConfiguration;
			buildSettings = {
				ALWAYS_EMBED_SWIFT_STANDARD_LIBRARIES = YES;
				CODE_SIGN_STYLE = Automatic;
				CURRENT_PROJECT_VERSION = 1;
				GENERATE_INFOPLIST_FILE = YES;
				MARKETING_VERSION = 1.0;
				PRODUCT_BUNDLE_IDENTIFIER = brealinhub.XWTimeUITests;
				PRODUCT_NAME = "$(TARGET_NAME)";
				SWIFT_EMIT_LOC_STRINGS = NO;
				SWIFT_VERSION = 5.0;
				TARGETED_DEVICE_FAMILY = "1,2";
				TEST_TARGET_NAME = XWTime;
			};
			name = Debug;
		};
		D06B24642B2807BE0022A433 /* Release */ = {
			isa = XCBuildConfiguration;
			buildSettings = {
				ALWAYS_EMBED_SWIFT_STANDARD_LIBRARIES = YES;
				CODE_SIGN_STYLE = Automatic;
				CURRENT_PROJECT_VERSION = 1;
				GENERATE_INFOPLIST_FILE = YES;
				MARKETING_VERSION = 1.0;
				PRODUCT_BUNDLE_IDENTIFIER = brealinhub.XWTimeUITests;
				PRODUCT_NAME = "$(TARGET_NAME)";
				SWIFT_EMIT_LOC_STRINGS = NO;
				SWIFT_VERSION = 5.0;
				TARGETED_DEVICE_FAMILY = "1,2";
				TEST_TARGET_NAME = XWTime;
			};
			name = Release;
		};
/* End XCBuildConfiguration section */

/* Begin XCConfigurationList section */
		D06B24332B2807BD0022A433 /* Build configuration list for PBXProject "XWTime" */ = {
			isa = XCConfigurationList;
			buildConfigurations = (
				D06B245A2B2807BE0022A433 /* Debug */,
				D06B245B2B2807BE0022A433 /* Release */,
			);
			defaultConfigurationIsVisible = 0;
			defaultConfigurationName = Release;
		};
		D06B245C2B2807BE0022A433 /* Build configuration list for PBXNativeTarget "XWTime" */ = {
			isa = XCConfigurationList;
			buildConfigurations = (
				D06B245D2B2807BE0022A433 /* Debug */,
				D06B245E2B2807BE0022A433 /* Release */,
			);
			defaultConfigurationIsVisible = 0;
			defaultConfigurationName = Release;
		};
		D06B245F2B2807BE0022A433 /* Build configuration list for PBXNativeTarget "XWTimeTests" */ = {
			isa = XCConfigurationList;
			buildConfigurations = (
				D06B24602B2807BE0022A433 /* Debug */,
				D06B24612B2807BE0022A433 /* Release */,
			);
			defaultConfigurationIsVisible = 0;
			defaultConfigurationName = Release;
		};
		D06B24622B2807BE0022A433 /* Build configuration list for PBXNativeTarget "XWTimeUITests" */ = {
			isa = XCConfigurationList;
			buildConfigurations = (
				D06B24632B2807BE0022A433 /* Debug */,
				D06B24642B2807BE0022A433 /* Release */,
			);
			defaultConfigurationIsVisible = 0;
			defaultConfigurationName = Release;
		};
/* End XCConfigurationList section */

/* Begin XCRemoteSwiftPackageReference section */
		D0BDEF8E2B2831E700AB9DE4 /* XCRemoteSwiftPackageReference "OAuthSwift" */ = {
			isa = XCRemoteSwiftPackageReference;
			repositoryURL = "https://github.com/OAuthSwift/OAuthSwift.git";
			requirement = {
				kind = upToNextMajorVersion;
				minimumVersion = 2.2.0;
			};
		};
/* End XCRemoteSwiftPackageReference section */

/* Begin XCSwiftPackageProductDependency section */
		D0BDEF8F2B2831E700AB9DE4 /* OAuthSwift */ = {
			isa = XCSwiftPackageProductDependency;
			package = D0BDEF8E2B2831E700AB9DE4 /* XCRemoteSwiftPackageReference "OAuthSwift" */;
			productName = OAuthSwift;
		};
/* End XCSwiftPackageProductDependency section */
	};
	rootObject = D06B24302B2807BD0022A433 /* Project object */;
}
